
Microsoft Visual Studio Solution File, Format Version 9.00
# Visual Studio 2005
Project("{FAE04EC0-301F-11D3-BF4B-00C04F79EFBC}") = "AsynchronousCodeBlocks", "AsynchronousCodeBlocks.csproj", "{3B501F44-B9FA-4A16-9F58-D3E627250DF7}"
EndProject
Project("{FAE04EC0-301F-11D3-BF4B-00C04F79EFBC}") = "WinTestAsyncCodeBlocks", "..\WinTestAsyncCodeBlock\WinTestAsyncCodeBlocks.csproj", "{71263FD5-B4B0-4C6C-821D-7B7D44C0C69D}"
EndProject
Global
	GlobalSection(SolutionConfigurationPlatforms) = preSolution
		Debug|Any CPU = Debug|Any CPU
		Release|Any CPU = Release|Any CPU
	EndGlobalSection
	GlobalSection(ProjectConfigurationPlatforms) = postSolution
		{3B501F44-B9FA-4A16-9F58-D3E627250DF7}.Debug|Any CPU.ActiveCfg = Debug|Any CPU
		{3B501F44-B9FA-4A16-9F58-D3E627250DF7}.Debug|Any CPU.Build.0 = Debug|Any CPU
		{3B501F44-B9FA-4A16-9F58-D3E627250DF7}.Release|Any CPU.ActiveCfg = Release|Any CPU
		{3B501F44-B9FA-4A16-9F58-D3E627250DF7}.Release|Any CPU.Build.0 = Release|Any CPU
		{71263FD5-B4B0-4C6C-821D-7B7D44C0C69D}.Debug|Any CPU.ActiveCfg = Debug|Any CPU
		{71263FD5-B4B0-4C6C-821D-7B7D44C0C69D}.Debug|Any CPU.Build.0 = Debug|Any CPU
		{71263FD5-B4B0-4C6C-821D-7B7D44C0C69D}.Release|Any CPU.ActiveCfg = Release|Any CPU
		{71263FD5-B4B0-4C6C-821D-7B7D44C0C69D}.Release|Any CPU.Build.0 = Release|Any CPU
	EndGlobalSection
	GlobalSection(SolutionProperties) = preSolution
		HideSolutionNode = FALSE
	EndGlobalSection
EndGlobal
